{
  "name": "hot-well-backend",
  "version": "1.0.0",
  "lockfileVersion": 3,
  "requires": true,
  "packages": {
    "": {
      "name": "hot-well-backend",
      "version": "1.0.0",
      "dependencies": {
        "express": "^5.1.0"
      }
    },
    "node_modules/express": {
      "version": "5.1.0",
      "resolved": "https://registry.npmjs.org/express/-/express-5.1.0.tgz",
      "integrity": "",
      "license": "MIT"
    }
  },
  "dependencies": {
    "express": {
      "version": "5.1.0",
      "requires": {}
    }
  }
}
